
Microsoft Visual Studio Solution File, Format Version 12.00
# Visual Studio 15
VisualStudioVersion = 15.0.26124.0
MinimumVisualStudioVersion = 15.0.26124.0
Project("{2150E333-8FDC-42A3-9474-1A3956D46DE8}") = "src", "src", "{57F596F7-5E32-4DF8-98A4-73B9DDA1774A}"
EndProject
Project("{2150E333-8FDC-42A3-9474-1A3956D46DE8}") = "Pioneer.Console.Boilerplate.Template", "Pioneer.Console.Boilerplate.Template", "{88471944-7B4D-413F-A3FA-45F938A8B03A}"
EndProject
Project("{FAE04EC0-301F-11D3-BF4B-00C04F79EFBC}") = "Pioneer.Console.Boilerplate", "src\Pioneer.Console.Boilerplate.Template\Content\Pioneer.Console.Boilerplate.csproj", "{1821B91B-5A2B-4DCE-944C-9B8F66261356}"
EndProject
Global
	GlobalSection(SolutionConfigurationPlatforms) = preSolution
		Debug|Any CPU = Debug|Any CPU
		Debug|x64 = Debug|x64
		Debug|x86 = Debug|x86
		Release|Any CPU = Release|Any CPU
		Release|x64 = Release|x64
		Release|x86 = Release|x86
	EndGlobalSection
	GlobalSection(SolutionProperties) = preSolution
		HideSolutionNode = FALSE
	EndGlobalSection
	GlobalSection(ProjectConfigurationPlatforms) = postSolution
		{1821B91B-5A2B-4DCE-944C-9B8F66261356}.Debug|Any CPU.ActiveCfg = Debug|Any CPU
		{1821B91B-5A2B-4DCE-944C-9B8F66261356}.Debug|Any CPU.Build.0 = Debug|Any CPU
		{1821B91B-5A2B-4DCE-944C-9B8F66261356}.Debug|x64.ActiveCfg = Debug|Any CPU
		{1821B91B-5A2B-4DCE-944C-9B8F66261356}.Debug|x64.Build.0 = Debug|Any CPU
		{1821B91B-5A2B-4DCE-944C-9B8F66261356}.Debug|x86.ActiveCfg = Debug|Any CPU
		{1821B91B-5A2B-4DCE-944C-9B8F66261356}.Debug|x86.Build.0 = Debug|Any CPU
		{1821B91B-5A2B-4DCE-944C-9B8F66261356}.Release|Any CPU.ActiveCfg = Release|Any CPU
		{1821B91B-5A2B-4DCE-944C-9B8F66261356}.Release|Any CPU.Build.0 = Release|Any CPU
		{1821B91B-5A2B-4DCE-944C-9B8F66261356}.Release|x64.ActiveCfg = Release|Any CPU
		{1821B91B-5A2B-4DCE-944C-9B8F66261356}.Release|x64.Build.0 = Release|Any CPU
		{1821B91B-5A2B-4DCE-944C-9B8F66261356}.Release|x86.ActiveCfg = Release|Any CPU
		{1821B91B-5A2B-4DCE-944C-9B8F66261356}.Release|x86.Build.0 = Release|Any CPU
	EndGlobalSection
	GlobalSection(NestedProjects) = preSolution
		{88471944-7B4D-413F-A3FA-45F938A8B03A} = {57F596F7-5E32-4DF8-98A4-73B9DDA1774A}
		{1821B91B-5A2B-4DCE-944C-9B8F66261356} = {88471944-7B4D-413F-A3FA-45F938A8B03A}
	EndGlobalSection
EndGlobal
